
Microsoft Visual Studio Solution File, Format Version 12.00
# Visual Studio Version 17
VisualStudioVersion = 17.8.34601.278
MinimumVisualStudioVersion = 10.0.40219.1
Project("{FAE04EC0-301F-11D3-BF4B-00C04F79EFBC}") = "khillGitHubTest", "khillGitHubTest\khillGitHubTest.csproj", "{BDAB1651-6F8F-45DF-88C9-54B98CD8C9A3}"
EndProject
Global
	GlobalSection(SolutionConfigurationPlatforms) = preSolution
		Debug|Any CPU = Debug|Any CPU
		Release|Any CPU = Release|Any CPU
	EndGlobalSection
	GlobalSection(ProjectConfigurationPlatforms) = postSolution
		{BDAB1651-6F8F-45DF-88C9-54B98CD8C9A3}.Debug|Any CPU.ActiveCfg = Debug|Any CPU
		{BDAB1651-6F8F-45DF-88C9-54B98CD8C9A3}.Debug|Any CPU.Build.0 = Debug|Any CPU
		{BDAB1651-6F8F-45DF-88C9-54B98CD8C9A3}.Release|Any CPU.ActiveCfg = Release|Any CPU
		{BDAB1651-6F8F-45DF-88C9-54B98CD8C9A3}.Release|Any CPU.Build.0 = Release|Any CPU
	EndGlobalSection
	GlobalSection(SolutionProperties) = preSolution
		HideSolutionNode = FALSE
	EndGlobalSection
	GlobalSection(ExtensibilityGlobals) = postSolution
		SolutionGuid = {C7E97DEB-A497-459E-BAA0-65ACE5C0D739}
	EndGlobalSection
EndGlobal
